
Microsoft Visual Studio Solution File, Format Version 12.00
# Visual Studio Version 17
VisualStudioVersion = 17.7.34024.191
MinimumVisualStudioVersion = 10.0.40219.1
Project("{8BC9CEB8-8B4A-11D0-8D11-00A0C91BC942}") = "skyrim-enchantment-fx", "skyrim-enchantment-fx\skyrim-enchantment-fx.vcxproj", "{63933BFE-88B9-4F25-A5DE-3D6B7DA44C75}"
EndProject
Global
	GlobalSection(SolutionConfigurationPlatforms) = preSolution
		Debug_Lib_VC142|x64 = Debug_Lib_VC142|x64
		Debug_Lib_VC142|x86 = Debug_Lib_VC142|x86
		Debug_VC142|x64 = Debug_VC142|x64
		Debug_VC142|x86 = Debug_VC142|x86
		Debug|x64 = Debug|x64
		Debug|x86 = Debug|x86
		Release_Lib_VC142|x64 = Release_Lib_VC142|x64
		Release_Lib_VC142|x86 = Release_Lib_VC142|x86
		Release_VC142|x64 = Release_VC142|x64
		Release_VC142|x86 = Release_VC142|x86
		Release|x64 = Release|x64
		Release|x86 = Release|x86
	EndGlobalSection
	GlobalSection(ProjectConfigurationPlatforms) = postSolution
		{63933BFE-88B9-4F25-A5DE-3D6B7DA44C75}.Debug_Lib_VC142|x64.ActiveCfg = Debug|x64
		{63933BFE-88B9-4F25-A5DE-3D6B7DA44C75}.Debug_Lib_VC142|x64.Build.0 = Debug|x64
		{63933BFE-88B9-4F25-A5DE-3D6B7DA44C75}.Debug_Lib_VC142|x86.ActiveCfg = Debug|Win32
		{63933BFE-88B9-4F25-A5DE-3D6B7DA44C75}.Debug_Lib_VC142|x86.Build.0 = Debug|Win32
		{63933BFE-88B9-4F25-A5DE-3D6B7DA44C75}.Debug_VC142|x64.ActiveCfg = Debug|x64
		{63933BFE-88B9-4F25-A5DE-3D6B7DA44C75}.Debug_VC142|x64.Build.0 = Debug|x64
		{63933BFE-88B9-4F25-A5DE-3D6B7DA44C75}.Debug_VC142|x86.ActiveCfg = Debug|Win32
		{63933BFE-88B9-4F25-A5DE-3D6B7DA44C75}.Debug_VC142|x86.Build.0 = Debug|Win32
		{63933BFE-88B9-4F25-A5DE-3D6B7DA44C75}.Debug|x64.ActiveCfg = Debug|x64
		{63933BFE-88B9-4F25-A5DE-3D6B7DA44C75}.Debug|x64.Build.0 = Debug|x64
		{63933BFE-88B9-4F25-A5DE-3D6B7DA44C75}.Debug|x86.ActiveCfg = Debug|Win32
		{63933BFE-88B9-4F25-A5DE-3D6B7DA44C75}.Debug|x86.Build.0 = Debug|Win32
		{63933BFE-88B9-4F25-A5DE-3D6B7DA44C75}.Release_Lib_VC142|x64.ActiveCfg = Release|x64
		{63933BFE-88B9-4F25-A5DE-3D6B7DA44C75}.Release_Lib_VC142|x64.Build.0 = Release|x64
		{63933BFE-88B9-4F25-A5DE-3D6B7DA44C75}.Release_Lib_VC142|x86.ActiveCfg = Release|Win32
		{63933BFE-88B9-4F25-A5DE-3D6B7DA44C75}.Release_Lib_VC142|x86.Build.0 = Release|Win32
		{63933BFE-88B9-4F25-A5DE-3D6B7DA44C75}.Release_VC142|x64.ActiveCfg = Release|x64
		{63933BFE-88B9-4F25-A5DE-3D6B7DA44C75}.Release_VC142|x64.Build.0 = Release|x64
		{63933BFE-88B9-4F25-A5DE-3D6B7DA44C75}.Release_VC142|x86.ActiveCfg = Release|Win32
		{63933BFE-88B9-4F25-A5DE-3D6B7DA44C75}.Release_VC142|x86.Build.0 = Release|Win32
		{63933BFE-88B9-4F25-A5DE-3D6B7DA44C75}.Release|x64.ActiveCfg = Release|x64
		{63933BFE-88B9-4F25-A5DE-3D6B7DA44C75}.Release|x64.Build.0 = Release|x64
		{63933BFE-88B9-4F25-A5DE-3D6B7DA44C75}.Release|x86.ActiveCfg = Release|Win32
		{63933BFE-88B9-4F25-A5DE-3D6B7DA44C75}.Release|x86.Build.0 = Release|Win32
	EndGlobalSection
	GlobalSection(SolutionProperties) = preSolution
		HideSolutionNode = FALSE
	EndGlobalSection
	GlobalSection(ExtensibilityGlobals) = postSolution
		SolutionGuid = {00808E4A-C75B-4C9E-A1AD-FD7ED08F8C9A}
	EndGlobalSection
EndGlobal
